
Microsoft Visual Studio Solution File, Format Version 12.00
# Visual Studio 15
VisualStudioVersion = 15.0.27130.2036
MinimumVisualStudioVersion = 10.0.40219.1
Project("{9A19103F-16F7-4668-BE54-9A1E7A4F7556}") = "daemon", "daemon\daemon.csproj", "{B3A89BA2-B18C-40AC-86F9-9723985BCABA}"
EndProject
Project("{9A19103F-16F7-4668-BE54-9A1E7A4F7556}") = "cli", "cli\cli.csproj", "{436F0DA3-B60C-45D9-B4A4-6DC89B03CC1A}"
	ProjectSection(ProjectDependencies) = postProject
		{B3A89BA2-B18C-40AC-86F9-9723985BCABA} = {B3A89BA2-B18C-40AC-86F9-9723985BCABA}
	EndProjectSection
EndProject
Project("{2150E333-8FDC-42A3-9474-1A3956D46DE8}") = "Solution Items", "Solution Items", "{0D991D97-BE44-41B3-AC06-849C97ACF49C}"
	ProjectSection(SolutionItems) = preProject
		lin-env.txt = lin-env.txt
	EndProjectSection
EndProject
Project("{FAE04EC0-301F-11D3-BF4B-00C04F79EFBC}") = "daemon-testcases", "daemon-testcases\daemon-testcases.csproj", "{6CB7A0E7-F713-4BC2-BB50-44BEF513EA31}"
EndProject
Global
	GlobalSection(SolutionConfigurationPlatforms) = preSolution
		Debug|Any CPU = Debug|Any CPU
		Release|Any CPU = Release|Any CPU
	EndGlobalSection
	GlobalSection(ProjectConfigurationPlatforms) = postSolution
		{B3A89BA2-B18C-40AC-86F9-9723985BCABA}.Debug|Any CPU.ActiveCfg = Debug|Any CPU
		{B3A89BA2-B18C-40AC-86F9-9723985BCABA}.Debug|Any CPU.Build.0 = Debug|Any CPU
		{B3A89BA2-B18C-40AC-86F9-9723985BCABA}.Release|Any CPU.ActiveCfg = Release|Any CPU
		{B3A89BA2-B18C-40AC-86F9-9723985BCABA}.Release|Any CPU.Build.0 = Release|Any CPU
		{436F0DA3-B60C-45D9-B4A4-6DC89B03CC1A}.Debug|Any CPU.ActiveCfg = Debug|Any CPU
		{436F0DA3-B60C-45D9-B4A4-6DC89B03CC1A}.Debug|Any CPU.Build.0 = Debug|Any CPU
		{436F0DA3-B60C-45D9-B4A4-6DC89B03CC1A}.Release|Any CPU.ActiveCfg = Release|Any CPU
		{436F0DA3-B60C-45D9-B4A4-6DC89B03CC1A}.Release|Any CPU.Build.0 = Release|Any CPU
		{6CB7A0E7-F713-4BC2-BB50-44BEF513EA31}.Debug|Any CPU.ActiveCfg = Debug|Any CPU
		{6CB7A0E7-F713-4BC2-BB50-44BEF513EA31}.Debug|Any CPU.Build.0 = Debug|Any CPU
		{6CB7A0E7-F713-4BC2-BB50-44BEF513EA31}.Release|Any CPU.ActiveCfg = Release|Any CPU
		{6CB7A0E7-F713-4BC2-BB50-44BEF513EA31}.Release|Any CPU.Build.0 = Release|Any CPU
	EndGlobalSection
	GlobalSection(SolutionProperties) = preSolution
		HideSolutionNode = FALSE
	EndGlobalSection
	GlobalSection(ExtensibilityGlobals) = postSolution
		SolutionGuid = {93F3595E-305E-46D0-953F-6D91670EE7E1}
	EndGlobalSection
EndGlobal
